
Microsoft Visual Studio Solution File, Format Version 12.00
# Visual Studio Version 17
VisualStudioVersion = 17.2.32630.192
MinimumVisualStudioVersion = 10.0.40219.1
Project("{FAE04EC0-301F-11D3-BF4B-00C04F79EFBC}") = "StopWatch", "StopWatch\StopWatch.csproj", "{FF993247-6AE1-4D3F-9931-7D505CE7978D}"
EndProject
Global
	GlobalSection(SolutionConfigurationPlatforms) = preSolution
		Debug|Any CPU = Debug|Any CPU
		Release|Any CPU = Release|Any CPU
	EndGlobalSection
	GlobalSection(ProjectConfigurationPlatforms) = postSolution
		{FF993247-6AE1-4D3F-9931-7D505CE7978D}.Debug|Any CPU.ActiveCfg = Debug|Any CPU
		{FF993247-6AE1-4D3F-9931-7D505CE7978D}.Debug|Any CPU.Build.0 = Debug|Any CPU
		{FF993247-6AE1-4D3F-9931-7D505CE7978D}.Release|Any CPU.ActiveCfg = Release|Any CPU
		{FF993247-6AE1-4D3F-9931-7D505CE7978D}.Release|Any CPU.Build.0 = Release|Any CPU
	EndGlobalSection
	GlobalSection(SolutionProperties) = preSolution
		HideSolutionNode = FALSE
	EndGlobalSection
	GlobalSection(ExtensibilityGlobals) = postSolution
		SolutionGuid = {756E030A-9195-42F8-8650-8B7271A3F93E}
	EndGlobalSection
EndGlobal
